# @generated by Move, please check-in and do not edit manually.

[move]
version = 3
manifest_digest = "5F2B2DA04A18CB4FA3D4780CF724A2D874E2BB659AFE222ED9D50452EC5FFD86"
deps_digest = "F8BBB0CCB2491CA29A3DF03D6F92277A4F3574266507ACD77214D37ECA3F3082"
dependencies = [
  { id = "Sui", name = "Sui" },
]

[[move.package]]
id = "MoveStdlib"
source = { git = "https://github.com/MystenLabs/sui.git", rev = "framework/mainnet", subdir = "crates/sui-framework/packages/move-stdlib" }

[[move.package]]
id = "Sui"
source = { git = "https://github.com/MystenLabs/sui.git", rev = "framework/mainnet", subdir = "crates/sui-framework/packages/sui-framework" }

dependencies = [
  { id = "MoveStdlib", name = "MoveStdlib" },
]

[move.toolchain-version]
compiler-version = "1.49.1"
edition = "2024.beta"
flavor = "sui"

[env]

[env.mainnet]
chain-id = "35834a8a"
original-published-id = "0xb49be008cf304b1dae7e7ece661b5f1b0e15324bc1422ec8c73b10eb4a6dcb19"
latest-published-id = "0xb49be008cf304b1dae7e7ece661b5f1b0e15324bc1422ec8c73b10eb4a6dcb19"
published-version = "1"

[env.testnet]
chain-id = "4c78adac"
original-published-id = "0x281aace8e6f5eb970bf0f175127bb488a69f18b45559ba6891c1568847f0d094"
latest-published-id = "0x281aace8e6f5eb970bf0f175127bb488a69f18b45559ba6891c1568847f0d094"
published-version = "1"