# @generated by Move, please check-in and do not edit manually.

[move]
version = 3
manifest_digest = "78477832896108F637E05253B070EE9BE4C4921A043F4A662133250119785F09"
deps_digest = "F8BBB0CCB2491CA29A3DF03D6F92277A4F3574266507ACD77214D37ECA3F3082"
dependencies = [
  { id = "Sui", name = "Sui" },
]

[[move.package]]
id = "MoveStdlib"
source = { git = "https://github.com/MystenLabs/sui.git", rev = "framework/mainnet", subdir = "crates/sui-framework/packages/move-stdlib" }

[[move.package]]
id = "Sui"
source = { git = "https://github.com/MystenLabs/sui.git", rev = "framework/mainnet", subdir = "crates/sui-framework/packages/sui-framework" }

dependencies = [
  { id = "MoveStdlib", name = "MoveStdlib" },
]

[move.toolchain-version]
compiler-version = "1.49.1"
edition = "2024"
flavor = "sui"

[env]

[env.mainnet]
chain-id = "35834a8a"
original-published-id = "0x2d8a7d4c585f1c20758f9b2c500477e1be35e178e79efb6ddf9d14a0dceff211"
latest-published-id = "0x2d8a7d4c585f1c20758f9b2c500477e1be35e178e79efb6ddf9d14a0dceff211"
published-version = "1"

[env.testnet]
chain-id = "4c78adac"
original-published-id = "0x97437d10a17745f2d19b928cfdc4232585443e9fbfb2f9fc199a6150a3f50631"
latest-published-id = "0x97437d10a17745f2d19b928cfdc4232585443e9fbfb2f9fc199a6150a3f50631"
published-version = "1"
