# Generated by move; do not edit
# This file should be checked in.

[move]
version = 4

[pinned.testnet.MoveStdlib]
source = { git = "https://github.com/MystenLabs/sui.git", subdir = "crates/sui-framework/packages/move-stdlib", rev = "03cf0fbaa21f4697ba40b17ff0cfb58377a50a45" }
use_environment = "testnet"
manifest_digest = "C4FE4C91DE74CBF223B2E380AE40F592177D21870DC2D7EB6227D2D694E05363"
deps = {}

[pinned.testnet.Sui]
source = { git = "https://github.com/MystenLabs/sui.git", subdir = "crates/sui-framework/packages/sui-framework", rev = "03cf0fbaa21f4697ba40b17ff0cfb58377a50a45" }
use_environment = "testnet"
manifest_digest = "7AFB66695545775FBFBB2D3078ADFD084244D5002392E837FDE21D9EA1C6D01C"
deps = { MoveStdlib = "MoveStdlib" }

[pinned.testnet.clmm_pool]
source = { root = true }
use_environment = "testnet"
manifest_digest = "24EA586AD053C0C6DE39C7A22EE75E8AA84EBF08AFFC4A4A3BD263B2AF5FDEC0"
deps = { Sui = "Sui", gauge_cap = "gauge_cap", integer_mate = "integer_mate", move_stl = "move_stl", price_provider = "price_provider" }

[pinned.testnet.gauge_cap]
source = { local = "../gauge_cap" }
use_environment = "testnet"
manifest_digest = "04F2C2F24F6DB9EB7D6997D46697671E5F788525F59E0879718AB4D32008FD57"
deps = { Sui = "Sui" }

[pinned.testnet.integer_mate]
source = { local = "../integer_mate" }
use_environment = "testnet"
manifest_digest = "04F2C2F24F6DB9EB7D6997D46697671E5F788525F59E0879718AB4D32008FD57"
deps = { Sui = "Sui" }

[pinned.testnet.move_stl]
source = { local = "../move_stl" }
use_environment = "testnet"
manifest_digest = "04F2C2F24F6DB9EB7D6997D46697671E5F788525F59E0879718AB4D32008FD57"
deps = { Sui = "Sui" }

[pinned.testnet.price_provider]
source = { local = "../price_provider" }
use_environment = "testnet"
manifest_digest = "04F2C2F24F6DB9EB7D6997D46697671E5F788525F59E0879718AB4D32008FD57"
deps = { Sui = "Sui" }
