# @generated by Move, please check-in and do not edit manually.

[move]
version = 3
manifest_digest = "6CDF7877AEF72FD75623EA9C3F5BAFA56A6F83FCC7AA2B9372F9BB37313C0BFE"
deps_digest = "397E6A9F7A624706DBDFEE056CE88391A15876868FD18A88504DA74EB458D697"
dependencies = [
  { id = "Sui", name = "Sui" },
  { id = "gauge_cap", name = "gauge_cap" },
  { id = "integer_mate", name = "integer_mate" },
  { id = "move_stl", name = "move_stl" },
  { id = "price_provider", name = "price_provider" },
]

[[move.package]]
id = "MoveStdlib"
source = { git = "https://github.com/MystenLabs/sui.git", rev = "framework/mainnet", subdir = "crates/sui-framework/packages/move-stdlib" }

[[move.package]]
id = "Sui"
source = { git = "https://github.com/MystenLabs/sui.git", rev = "framework/mainnet", subdir = "crates/sui-framework/packages/sui-framework" }

dependencies = [
  { id = "MoveStdlib", name = "MoveStdlib" },
]

[[move.package]]
id = "gauge_cap"
source = { local = "../gauge_cap" }

dependencies = [
  { id = "Sui", name = "Sui" },
]

[[move.package]]
id = "integer_mate"
source = { local = "../integer_mate" }

dependencies = [
  { id = "Sui", name = "Sui" },
]

[[move.package]]
id = "move_stl"
source = { local = "../move_stl" }

dependencies = [
  { id = "Sui", name = "Sui" },
]

[[move.package]]
id = "price_provider"
source = { local = "../price_provider" }

dependencies = [
  { id = "Sui", name = "Sui" },
]

[move.toolchain-version]
compiler-version = "1.48.1"
edition = "2024"
flavor = "sui"

[env]

[env.mainnet]
chain-id = "35834a8a"
original-published-id = "0x849f35cd9a8857e736d6f9e6c7d7c59deeff5fd3d22fcf38133f836561ecf68c"
latest-published-id = "0x849f35cd9a8857e736d6f9e6c7d7c59deeff5fd3d22fcf38133f836561ecf68c"
published-version = "1"

[env.testnet]
chain-id = "4c78adac"
original-published-id = "0x89b01078d93c6675bd33ecee22e99ef00bed00c2216f48bf4f3b919a4876bf47"
latest-published-id = "0xa957f4311a08c45f0d0e9c27a5d1576616c30055a74b98a4380f712d48db085d"
published-version = "2"
