# @generated by Move, please check-in and do not edit manually.

[move]
version = 3

dependencies = [
  { id = "Sui", name = "Sui" },
]
manifest_digest = "F1ECAF48066166E43C1A1BCDB83054EF7BE505E1DCED5512001A3947C9CDD121"
deps_digest = "F8BBB0CCB2491CA29A3DF03D6F92277A4F3574266507ACD77214D37ECA3F3082"

[[move.package]]
id = "MoveStdlib"
source = { git = "https://github.com/MystenLabs/sui.git", rev = "framework/mainnet", subdir = "crates/sui-framework/packages/move-stdlib" }

[[move.package]]
id = "Sui"
source = { git = "https://github.com/MystenLabs/sui.git", rev = "framework/mainnet", subdir = "crates/sui-framework/packages/sui-framework" }

dependencies = [
  { id = "MoveStdlib", name = "MoveStdlib" },
]

[move.toolchain-version]
compiler-version = "1.49.1"
edition = "2024"
flavor = "sui"

[env]

[env.mainnet]
chain-id = "35834a8a"
original-published-id = "0x6b904ae739b2baad330aae14991abcd3b7354d3dc3db72507ed8dabeeb7a36de"
latest-published-id = "0x6b904ae739b2baad330aae14991abcd3b7354d3dc3db72507ed8dabeeb7a36de"
published-version = "1"

[env.testnet]
chain-id = "4c78adac"
original-published-id = "0xddb538f71b324cb49650a5fb21c98f58d4f2ba6b974521d29dd4d3b559bb092d"
latest-published-id = "0xddb538f71b324cb49650a5fb21c98f58d4f2ba6b974521d29dd4d3b559bb092d"
published-version = "1"
